
Microsoft Visual Studio Solution File, Format Version 12.00
# Visual Studio 15
VisualStudioVersion = 15.0.28307.106
MinimumVisualStudioVersion = 10.0.40219.1
Project("{FAE04EC0-301F-11D3-BF4B-00C04F79EFBC}") = "FileConverter", "FileConverter\FileConverter.csproj", "{952D96F1-209C-436D-A45B-E0C745656858}"
EndProject
Global
	GlobalSection(SolutionConfigurationPlatforms) = preSolution
		Debug|Any CPU = Debug|Any CPU
		Release|Any CPU = Release|Any CPU
	EndGlobalSection
	GlobalSection(ProjectConfigurationPlatforms) = postSolution
		{952D96F1-209C-436D-A45B-E0C745656858}.Debug|Any CPU.ActiveCfg = Debug|Any CPU
		{952D96F1-209C-436D-A45B-E0C745656858}.Debug|Any CPU.Build.0 = Debug|Any CPU
		{952D96F1-209C-436D-A45B-E0C745656858}.Release|Any CPU.ActiveCfg = Release|Any CPU
		{952D96F1-209C-436D-A45B-E0C745656858}.Release|Any CPU.Build.0 = Release|Any CPU
	EndGlobalSection
	GlobalSection(SolutionProperties) = preSolution
		HideSolutionNode = FALSE
	EndGlobalSection
	GlobalSection(ExtensibilityGlobals) = postSolution
		SolutionGuid = {42D670F1-AA39-4321-B2F4-959476770ED2}
	EndGlobalSection
EndGlobal
